
Microsoft Visual Studio Solution File, Format Version 12.00
# Visual Studio 15
VisualStudioVersion = 15.0.26730.0
MinimumVisualStudioVersion = 10.0.40219.1
Project("{9A19103F-16F7-4668-BE54-9A1E7A4F7556}") = "CoreApp1.0.5", "samples\CoreApp1.0.5\CoreApp1.0.5.csproj", "{CF47CC50-16FC-4CBC-B041-EC0E1E806AA4}"
EndProject
Project("{9A19103F-16F7-4668-BE54-9A1E7A4F7556}") = "CoreApp2.0.0", "samples\CoreApp2.0.0\CoreApp2.0.0.csproj", "{A03F3D25-E91A-4BD2-B6C2-550E0AE12305}"
EndProject
Project("{9A19103F-16F7-4668-BE54-9A1E7A4F7556}") = "CoreApp1.1.3", "samples\CoreApp1.1.3\CoreApp1.1.3.csproj", "{CD5B5067-4119-44DA-8050-F1279D2FF2DE}"
EndProject
Project("{2150E333-8FDC-42A3-9474-1A3956D46DE8}") = "samples", "samples", "{0FFF49E8-21BC-4A9D-BB22-4B7BAD3A7A3D}"
EndProject
Project("{9A19103F-16F7-4668-BE54-9A1E7A4F7556}") = "FullApp1.0.5", "samples\FullApp1.0.5\FullApp1.0.5.csproj", "{34C380D1-017A-4174-9CBB-BFEF3B295CDA}"
EndProject
Project("{9A19103F-16F7-4668-BE54-9A1E7A4F7556}") = "FullApp2.0.0", "samples\FullApp2.0.0\FullApp2.0.0.csproj", "{667D1048-2258-47D1-8C8D-781FBB9582A2}"
EndProject
Project("{9A19103F-16F7-4668-BE54-9A1E7A4F7556}") = "FullApp1.1.3", "samples\FullApp1.1.3\FullApp1.1.3.csproj", "{25C92836-EBD9-4634-9D1C-D9C47EF33D08}"
EndProject
Global
	GlobalSection(SolutionConfigurationPlatforms) = preSolution
		Debug|Any CPU = Debug|Any CPU
		Release|Any CPU = Release|Any CPU
	EndGlobalSection
	GlobalSection(ProjectConfigurationPlatforms) = postSolution
		{CF47CC50-16FC-4CBC-B041-EC0E1E806AA4}.Debug|Any CPU.ActiveCfg = Debug|Any CPU
		{CF47CC50-16FC-4CBC-B041-EC0E1E806AA4}.Debug|Any CPU.Build.0 = Debug|Any CPU
		{CF47CC50-16FC-4CBC-B041-EC0E1E806AA4}.Release|Any CPU.ActiveCfg = Release|Any CPU
		{CF47CC50-16FC-4CBC-B041-EC0E1E806AA4}.Release|Any CPU.Build.0 = Release|Any CPU
		{A03F3D25-E91A-4BD2-B6C2-550E0AE12305}.Debug|Any CPU.ActiveCfg = Debug|Any CPU
		{A03F3D25-E91A-4BD2-B6C2-550E0AE12305}.Debug|Any CPU.Build.0 = Debug|Any CPU
		{A03F3D25-E91A-4BD2-B6C2-550E0AE12305}.Release|Any CPU.ActiveCfg = Release|Any CPU
		{A03F3D25-E91A-4BD2-B6C2-550E0AE12305}.Release|Any CPU.Build.0 = Release|Any CPU
		{CD5B5067-4119-44DA-8050-F1279D2FF2DE}.Debug|Any CPU.ActiveCfg = Debug|Any CPU
		{CD5B5067-4119-44DA-8050-F1279D2FF2DE}.Debug|Any CPU.Build.0 = Debug|Any CPU
		{CD5B5067-4119-44DA-8050-F1279D2FF2DE}.Release|Any CPU.ActiveCfg = Release|Any CPU
		{CD5B5067-4119-44DA-8050-F1279D2FF2DE}.Release|Any CPU.Build.0 = Release|Any CPU
		{34C380D1-017A-4174-9CBB-BFEF3B295CDA}.Debug|Any CPU.ActiveCfg = Debug|Any CPU
		{34C380D1-017A-4174-9CBB-BFEF3B295CDA}.Debug|Any CPU.Build.0 = Debug|Any CPU
		{34C380D1-017A-4174-9CBB-BFEF3B295CDA}.Release|Any CPU.ActiveCfg = Release|Any CPU
		{34C380D1-017A-4174-9CBB-BFEF3B295CDA}.Release|Any CPU.Build.0 = Release|Any CPU
		{667D1048-2258-47D1-8C8D-781FBB9582A2}.Debug|Any CPU.ActiveCfg = Debug|Any CPU
		{667D1048-2258-47D1-8C8D-781FBB9582A2}.Debug|Any CPU.Build.0 = Debug|Any CPU
		{667D1048-2258-47D1-8C8D-781FBB9582A2}.Release|Any CPU.ActiveCfg = Release|Any CPU
		{667D1048-2258-47D1-8C8D-781FBB9582A2}.Release|Any CPU.Build.0 = Release|Any CPU
		{25C92836-EBD9-4634-9D1C-D9C47EF33D08}.Debug|Any CPU.ActiveCfg = Debug|Any CPU
		{25C92836-EBD9-4634-9D1C-D9C47EF33D08}.Debug|Any CPU.Build.0 = Debug|Any CPU
		{25C92836-EBD9-4634-9D1C-D9C47EF33D08}.Release|Any CPU.ActiveCfg = Release|Any CPU
		{25C92836-EBD9-4634-9D1C-D9C47EF33D08}.Release|Any CPU.Build.0 = Release|Any CPU
	EndGlobalSection
	GlobalSection(SolutionProperties) = preSolution
		HideSolutionNode = FALSE
	EndGlobalSection
	GlobalSection(NestedProjects) = preSolution
		{CF47CC50-16FC-4CBC-B041-EC0E1E806AA4} = {0FFF49E8-21BC-4A9D-BB22-4B7BAD3A7A3D}
		{A03F3D25-E91A-4BD2-B6C2-550E0AE12305} = {0FFF49E8-21BC-4A9D-BB22-4B7BAD3A7A3D}
		{CD5B5067-4119-44DA-8050-F1279D2FF2DE} = {0FFF49E8-21BC-4A9D-BB22-4B7BAD3A7A3D}
		{34C380D1-017A-4174-9CBB-BFEF3B295CDA} = {0FFF49E8-21BC-4A9D-BB22-4B7BAD3A7A3D}
		{667D1048-2258-47D1-8C8D-781FBB9582A2} = {0FFF49E8-21BC-4A9D-BB22-4B7BAD3A7A3D}
		{25C92836-EBD9-4634-9D1C-D9C47EF33D08} = {0FFF49E8-21BC-4A9D-BB22-4B7BAD3A7A3D}
	EndGlobalSection
	GlobalSection(ExtensibilityGlobals) = postSolution
		SolutionGuid = {6E596093-9E23-4E59-9DA2-992406D960D9}
	EndGlobalSection
EndGlobal
